
Microsoft Visual Studio Solution File, Format Version 12.00
# Visual Studio Version 16
VisualStudioVersion = 16.0.33927.289
MinimumVisualStudioVersion = 10.0.40219.1
Project("{2150E333-8FDC-42A3-9474-1A3956D46DE8}") = "Task0", "Task0", "{6B869FDD-AA11-4080-A9CD-C8170B9FABB6}"
EndProject
Project("{FAE04EC0-301F-11D3-BF4B-00C04F79EFBC}") = "Tyuiu.PoleschukKR.Sprint1.Task0.V27", "Tyuiu.PoleschukKR.Sprint1.Task0.V27\Tyuiu.PoleschukKR.Sprint1.Task0.V27.csproj", "{5B40C021-619F-440C-ADCF-56A92CA62A48}"
EndProject
Project("{FAE04EC0-301F-11D3-BF4B-00C04F79EFBC}") = "Tyuiu.PoleschukKR.Sprint1.Task0.V27.Lib", "Tyuiu.PoleschukKR.Sprint1.Task0.V27.Lib\Tyuiu.PoleschukKR.Sprint1.Task0.V27.Lib.csproj", "{0DCF61A0-5B7C-466E-9E0A-B3419A5C7166}"
EndProject
Project("{FAE04EC0-301F-11D3-BF4B-00C04F79EFBC}") = "Tyuiu.PoleschukKR.Sprint1.Task0.V27.Test", "Tyuiu.PoleschukKR.Sprint1.Task0.V27.Test\Tyuiu.PoleschukKR.Sprint1.Task0.V27.Test.csproj", "{09797FB4-8D54-4A2F-B8CD-271A71B5E614}"
EndProject
Project("{2150E333-8FDC-42A3-9474-1A3956D46DE8}") = "Task1", "Task1", "{D7A43A76-6734-4356-B8BD-5155BF5439EF}"
EndProject
Project("{FAE04EC0-301F-11D3-BF4B-00C04F79EFBC}") = "Tyuiu.PoleschukKR.Sprint1.Task1.V19", "Tyuiu.PoleschukKR.Sprint1.Task1.V19\Tyuiu.PoleschukKR.Sprint1.Task1.V19.csproj", "{78B1FBDE-F6B3-499D-987A-A1E03ECE9C94}"
EndProject
Project("{FAE04EC0-301F-11D3-BF4B-00C04F79EFBC}") = "Tyuiu.PoleschukKR.Sprint1.Task1.V19.Test", "Tyuiu.PoleschukKR.Sprint1.Task1.V19.Test\Tyuiu.PoleschukKR.Sprint1.Task1.V19.Test.csproj", "{CFDCDC8F-6B60-4F59-8E47-3EE70745CA5F}"
EndProject
Project("{FAE04EC0-301F-11D3-BF4B-00C04F79EFBC}") = "Tyuiu.PoleschukKR.Sprint1.Task1.V19.Lib", "Tyuiu.PoleschukKR.Sprint1.Task1.V19.Lib\Tyuiu.PoleschukKR.Sprint1.Task1.V19.Lib.csproj", "{258E0E7B-6752-4903-8732-23BDD0FB5C8E}"
EndProject
Project("{2150E333-8FDC-42A3-9474-1A3956D46DE8}") = "Task2", "Task2", "{6D60FCD9-FACE-4CA7-B338-6BF6B6EF4F3F}"
EndProject
Project("{FAE04EC0-301F-11D3-BF4B-00C04F79EFBC}") = "Tyuiu.PoleschukKR.Sprint1.Task2.V3", "Tyuiu.PoleschukKR.Sprint1.Task2.V3\Tyuiu.PoleschukKR.Sprint1.Task2.V3.csproj", "{C65AF965-C51E-4BD4-8783-DBE6910BAB77}"
EndProject
Project("{FAE04EC0-301F-11D3-BF4B-00C04F79EFBC}") = "Tyuiu.PoleschukKR.Sprint1.Task2.V3.Lib", "Tyuiu.PoleschukKR.Sprint1.Task2.V3.Lib\Tyuiu.PoleschukKR.Sprint1.Task2.V3.Lib.csproj", "{F2E8A365-6DDE-401E-95A0-6C4F55FBBF83}"
EndProject
Project("{FAE04EC0-301F-11D3-BF4B-00C04F79EFBC}") = "Tyuiu.PoleschukKR.Sprint1.Task2.V3.Test", "Tyuiu.PoleschukKR.Sprint1.Task2.V3.Test\Tyuiu.PoleschukKR.Sprint1.Task2.V3.Test.csproj", "{C9A21A7A-5313-4029-BB12-F7C18AF82D59}"
EndProject
Project("{2150E333-8FDC-42A3-9474-1A3956D46DE8}") = "Task3", "Task3", "{3F0669A4-7B78-4201-8F4A-9F5F0733065A}"
EndProject
Project("{FAE04EC0-301F-11D3-BF4B-00C04F79EFBC}") = "Tyuiu.PoleschukKR.Sprint1.Task3.V8", "Tyuiu.PoleschukKR.Sprint1.Task3.V8\Tyuiu.PoleschukKR.Sprint1.Task3.V8.csproj", "{7AD9E01E-391E-4C9F-B7F7-EE2ECE34857F}"
EndProject
Project("{FAE04EC0-301F-11D3-BF4B-00C04F79EFBC}") = "Tyuiu.PoleschukKR.Sprint1.Task3.V8.Test", "Tyuiu.PoleschukKR.Sprint1.Task3.V8.Test\Tyuiu.PoleschukKR.Sprint1.Task3.V8.Test.csproj", "{04B79F3D-AFBF-4AB3-AF3D-D648101F2C98}"
EndProject
Project("{FAE04EC0-301F-11D3-BF4B-00C04F79EFBC}") = "Tyuiu.PoleschukKR.Sprint1.Task3.V8.Lib", "Tyuiu.PoleschukKR.Sprint1.Task3.V8.Lib\Tyuiu.PoleschukKR.Sprint1.Task3.V8.Lib.csproj", "{106A61E8-B677-4D80-878D-827FC44E39EF}"
EndProject
Project("{2150E333-8FDC-42A3-9474-1A3956D46DE8}") = "Task4", "Task4", "{C86F8BD4-F587-4076-A412-81E0D6606593}"
EndProject
Project("{FAE04EC0-301F-11D3-BF4B-00C04F79EFBC}") = "Tyuiu.PoleschukKR.Sprint1.Task4.V6", "Tyuiu.PoleschukKR.Sprint1.Task4.V6\Tyuiu.PoleschukKR.Sprint1.Task4.V6.csproj", "{4DA34600-576B-40D2-A31E-F2153149CCDA}"
EndProject
Project("{FAE04EC0-301F-11D3-BF4B-00C04F79EFBC}") = "Tyuiu.PoleschukKR.Sprint1.Task4.V6.Lib", "Tyuiu.PoleschukKR.Sprint1.Task4.V6.Lib\Tyuiu.PoleschukKR.Sprint1.Task4.V6.Lib.csproj", "{C20C8B0F-FA63-4244-9BA5-550B7706A962}"
EndProject
Project("{FAE04EC0-301F-11D3-BF4B-00C04F79EFBC}") = "Tyuiu.PoleschukKR.Sprint1.Task4.V6.Test", "Tyuiu.PoleschukKR.Sprint1.Task4.V6.Test\Tyuiu.PoleschukKR.Sprint1.Task4.V6.Test.csproj", "{355CB087-DC13-4E1E-9A17-D86BA1CA4F28}"
EndProject
Project("{2150E333-8FDC-42A3-9474-1A3956D46DE8}") = "Task5", "Task5", "{B20CCC71-659A-4FF6-9213-1B361A301B71}"
EndProject
Project("{FAE04EC0-301F-11D3-BF4B-00C04F79EFBC}") = "Tyuiu.PoleschukKR.Sprint1.Task5.V1.Lib", "Tyuiu.PoleschukKR.Sprint1.Task5.V1.Lib\Tyuiu.PoleschukKR.Sprint1.Task5.V1.Lib.csproj", "{EFE563A3-C378-4915-9869-6B042F0B59B7}"
EndProject
Project("{FAE04EC0-301F-11D3-BF4B-00C04F79EFBC}") = "Tyuiu.PoleschukKR.Sprint1.Task5.V1.Test", "Tyuiu.PoleschukKR.Sprint1.Task5.V1.Test\Tyuiu.PoleschukKR.Sprint1.Task5.V1.Test.csproj", "{1976C95B-F06C-415C-9564-E96205681877}"
EndProject
Project("{FAE04EC0-301F-11D3-BF4B-00C04F79EFBC}") = "Tyuiu.PoleschukKR.Sprint1.Task5.V1", "Tyuiu.PoleschukKR.Sprint1.Task5.V1\Tyuiu.PoleschukKR.Sprint1.Task5.V1.csproj", "{8A7ED20F-B5D5-419D-8E2A-D47A41A67627}"
EndProject
Project("{2150E333-8FDC-42A3-9474-1A3956D46DE8}") = "Task6", "Task6", "{F09C955C-4BB4-4037-BA29-16FADCC938D0}"
EndProject
Project("{FAE04EC0-301F-11D3-BF4B-00C04F79EFBC}") = "Tyuiu.PoleschukKR.Sprint1.Task6.V11.Test", "Tyuiu.PoleschukKR.Sprint1.Task6.V11.Test\Tyuiu.PoleschukKR.Sprint1.Task6.V11.Test.csproj", "{7B78D986-184B-4833-9AC2-307B18C0519A}"
EndProject
Project("{FAE04EC0-301F-11D3-BF4B-00C04F79EFBC}") = "Tyuiu.PoleschukKR.Sprint1.Task6.V11.Lib", "Tyuiu.PoleschukKR.Sprint1.Task6.V11.Lib\Tyuiu.PoleschukKR.Sprint1.Task6.V11.Lib.csproj", "{DE640ED2-88B0-4A76-BB89-02BCC84B2BF6}"
EndProject
Project("{FAE04EC0-301F-11D3-BF4B-00C04F79EFBC}") = "Tyuiu.PoleschukKR.Sprint1.Task6.V11", "Tyuiu.PoleschukKR.Sprint1.Task6.V11\Tyuiu.PoleschukKR.Sprint1.Task6.V11.csproj", "{43106E61-0FAE-4AEA-8F86-E3A7648E1D8C}"
EndProject
Global
	GlobalSection(SolutionConfigurationPlatforms) = preSolution
		Debug|Any CPU = Debug|Any CPU
		Release|Any CPU = Release|Any CPU
	EndGlobalSection
	GlobalSection(ProjectConfigurationPlatforms) = postSolution
		{5B40C021-619F-440C-ADCF-56A92CA62A48}.Debug|Any CPU.ActiveCfg = Debug|Any CPU
		{5B40C021-619F-440C-ADCF-56A92CA62A48}.Debug|Any CPU.Build.0 = Debug|Any CPU
		{5B40C021-619F-440C-ADCF-56A92CA62A48}.Release|Any CPU.ActiveCfg = Release|Any CPU
		{5B40C021-619F-440C-ADCF-56A92CA62A48}.Release|Any CPU.Build.0 = Release|Any CPU
		{0DCF61A0-5B7C-466E-9E0A-B3419A5C7166}.Debug|Any CPU.ActiveCfg = Debug|Any CPU
		{0DCF61A0-5B7C-466E-9E0A-B3419A5C7166}.Debug|Any CPU.Build.0 = Debug|Any CPU
		{0DCF61A0-5B7C-466E-9E0A-B3419A5C7166}.Release|Any CPU.ActiveCfg = Release|Any CPU
		{0DCF61A0-5B7C-466E-9E0A-B3419A5C7166}.Release|Any CPU.Build.0 = Release|Any CPU
		{09797FB4-8D54-4A2F-B8CD-271A71B5E614}.Debug|Any CPU.ActiveCfg = Debug|Any CPU
		{09797FB4-8D54-4A2F-B8CD-271A71B5E614}.Debug|Any CPU.Build.0 = Debug|Any CPU
		{09797FB4-8D54-4A2F-B8CD-271A71B5E614}.Release|Any CPU.ActiveCfg = Release|Any CPU
		{09797FB4-8D54-4A2F-B8CD-271A71B5E614}.Release|Any CPU.Build.0 = Release|Any CPU
		{78B1FBDE-F6B3-499D-987A-A1E03ECE9C94}.Debug|Any CPU.ActiveCfg = Debug|Any CPU
		{78B1FBDE-F6B3-499D-987A-A1E03ECE9C94}.Debug|Any CPU.Build.0 = Debug|Any CPU
		{78B1FBDE-F6B3-499D-987A-A1E03ECE9C94}.Release|Any CPU.ActiveCfg = Release|Any CPU
		{78B1FBDE-F6B3-499D-987A-A1E03ECE9C94}.Release|Any CPU.Build.0 = Release|Any CPU
		{CFDCDC8F-6B60-4F59-8E47-3EE70745CA5F}.Debug|Any CPU.ActiveCfg = Debug|Any CPU
		{CFDCDC8F-6B60-4F59-8E47-3EE70745CA5F}.Debug|Any CPU.Build.0 = Debug|Any CPU
		{CFDCDC8F-6B60-4F59-8E47-3EE70745CA5F}.Release|Any CPU.ActiveCfg = Release|Any CPU
		{CFDCDC8F-6B60-4F59-8E47-3EE70745CA5F}.Release|Any CPU.Build.0 = Release|Any CPU
		{258E0E7B-6752-4903-8732-23BDD0FB5C8E}.Debug|Any CPU.ActiveCfg = Debug|Any CPU
		{258E0E7B-6752-4903-8732-23BDD0FB5C8E}.Debug|Any CPU.Build.0 = Debug|Any CPU
		{258E0E7B-6752-4903-8732-23BDD0FB5C8E}.Release|Any CPU.ActiveCfg = Release|Any CPU
		{258E0E7B-6752-4903-8732-23BDD0FB5C8E}.Release|Any CPU.Build.0 = Release|Any CPU
		{C65AF965-C51E-4BD4-8783-DBE6910BAB77}.Debug|Any CPU.ActiveCfg = Debug|Any CPU
		{C65AF965-C51E-4BD4-8783-DBE6910BAB77}.Debug|Any CPU.Build.0 = Debug|Any CPU
		{C65AF965-C51E-4BD4-8783-DBE6910BAB77}.Release|Any CPU.ActiveCfg = Release|Any CPU
		{C65AF965-C51E-4BD4-8783-DBE6910BAB77}.Release|Any CPU.Build.0 = Release|Any CPU
		{F2E8A365-6DDE-401E-95A0-6C4F55FBBF83}.Debug|Any CPU.ActiveCfg = Debug|Any CPU
		{F2E8A365-6DDE-401E-95A0-6C4F55FBBF83}.Debug|Any CPU.Build.0 = Debug|Any CPU
		{F2E8A365-6DDE-401E-95A0-6C4F55FBBF83}.Release|Any CPU.ActiveCfg = Release|Any CPU
		{F2E8A365-6DDE-401E-95A0-6C4F55FBBF83}.Release|Any CPU.Build.0 = Release|Any CPU
		{C9A21A7A-5313-4029-BB12-F7C18AF82D59}.Debug|Any CPU.ActiveCfg = Debug|Any CPU
		{C9A21A7A-5313-4029-BB12-F7C18AF82D59}.Debug|Any CPU.Build.0 = Debug|Any CPU
		{C9A21A7A-5313-4029-BB12-F7C18AF82D59}.Release|Any CPU.ActiveCfg = Release|Any CPU
		{C9A21A7A-5313-4029-BB12-F7C18AF82D59}.Release|Any CPU.Build.0 = Release|Any CPU
		{7AD9E01E-391E-4C9F-B7F7-EE2ECE34857F}.Debug|Any CPU.ActiveCfg = Debug|Any CPU
		{7AD9E01E-391E-4C9F-B7F7-EE2ECE34857F}.Debug|Any CPU.Build.0 = Debug|Any CPU
		{7AD9E01E-391E-4C9F-B7F7-EE2ECE34857F}.Release|Any CPU.ActiveCfg = Release|Any CPU
		{7AD9E01E-391E-4C9F-B7F7-EE2ECE34857F}.Release|Any CPU.Build.0 = Release|Any CPU
		{04B79F3D-AFBF-4AB3-AF3D-D648101F2C98}.Debug|Any CPU.ActiveCfg = Debug|Any CPU
		{04B79F3D-AFBF-4AB3-AF3D-D648101F2C98}.Debug|Any CPU.Build.0 = Debug|Any CPU
		{04B79F3D-AFBF-4AB3-AF3D-D648101F2C98}.Release|Any CPU.ActiveCfg = Release|Any CPU
		{04B79F3D-AFBF-4AB3-AF3D-D648101F2C98}.Release|Any CPU.Build.0 = Release|Any CPU
		{106A61E8-B677-4D80-878D-827FC44E39EF}.Debug|Any CPU.ActiveCfg = Debug|Any CPU
		{106A61E8-B677-4D80-878D-827FC44E39EF}.Debug|Any CPU.Build.0 = Debug|Any CPU
		{106A61E8-B677-4D80-878D-827FC44E39EF}.Release|Any CPU.ActiveCfg = Release|Any CPU
		{106A61E8-B677-4D80-878D-827FC44E39EF}.Release|Any CPU.Build.0 = Release|Any CPU
		{4DA34600-576B-40D2-A31E-F2153149CCDA}.Debug|Any CPU.ActiveCfg = Debug|Any CPU
		{4DA34600-576B-40D2-A31E-F2153149CCDA}.Debug|Any CPU.Build.0 = Debug|Any CPU
		{4DA34600-576B-40D2-A31E-F2153149CCDA}.Release|Any CPU.ActiveCfg = Release|Any CPU
		{4DA34600-576B-40D2-A31E-F2153149CCDA}.Release|Any CPU.Build.0 = Release|Any CPU
		{C20C8B0F-FA63-4244-9BA5-550B7706A962}.Debug|Any CPU.ActiveCfg = Debug|Any CPU
		{C20C8B0F-FA63-4244-9BA5-550B7706A962}.Debug|Any CPU.Build.0 = Debug|Any CPU
		{C20C8B0F-FA63-4244-9BA5-550B7706A962}.Release|Any CPU.ActiveCfg = Release|Any CPU
		{C20C8B0F-FA63-4244-9BA5-550B7706A962}.Release|Any CPU.Build.0 = Release|Any CPU
		{355CB087-DC13-4E1E-9A17-D86BA1CA4F28}.Debug|Any CPU.ActiveCfg = Debug|Any CPU
		{355CB087-DC13-4E1E-9A17-D86BA1CA4F28}.Debug|Any CPU.Build.0 = Debug|Any CPU
		{355CB087-DC13-4E1E-9A17-D86BA1CA4F28}.Release|Any CPU.ActiveCfg = Release|Any CPU
		{355CB087-DC13-4E1E-9A17-D86BA1CA4F28}.Release|Any CPU.Build.0 = Release|Any CPU
		{EFE563A3-C378-4915-9869-6B042F0B59B7}.Debug|Any CPU.ActiveCfg = Debug|Any CPU
		{EFE563A3-C378-4915-9869-6B042F0B59B7}.Debug|Any CPU.Build.0 = Debug|Any CPU
		{EFE563A3-C378-4915-9869-6B042F0B59B7}.Release|Any CPU.ActiveCfg = Release|Any CPU
		{EFE563A3-C378-4915-9869-6B042F0B59B7}.Release|Any CPU.Build.0 = Release|Any CPU
		{1976C95B-F06C-415C-9564-E96205681877}.Debug|Any CPU.ActiveCfg = Debug|Any CPU
		{1976C95B-F06C-415C-9564-E96205681877}.Debug|Any CPU.Build.0 = Debug|Any CPU
		{1976C95B-F06C-415C-9564-E96205681877}.Release|Any CPU.ActiveCfg = Release|Any CPU
		{1976C95B-F06C-415C-9564-E96205681877}.Release|Any CPU.Build.0 = Release|Any CPU
		{8A7ED20F-B5D5-419D-8E2A-D47A41A67627}.Debug|Any CPU.ActiveCfg = Debug|Any CPU
		{8A7ED20F-B5D5-419D-8E2A-D47A41A67627}.Debug|Any CPU.Build.0 = Debug|Any CPU
		{8A7ED20F-B5D5-419D-8E2A-D47A41A67627}.Release|Any CPU.ActiveCfg = Release|Any CPU
		{8A7ED20F-B5D5-419D-8E2A-D47A41A67627}.Release|Any CPU.Build.0 = Release|Any CPU
		{7B78D986-184B-4833-9AC2-307B18C0519A}.Debug|Any CPU.ActiveCfg = Debug|Any CPU
		{7B78D986-184B-4833-9AC2-307B18C0519A}.Debug|Any CPU.Build.0 = Debug|Any CPU
		{7B78D986-184B-4833-9AC2-307B18C0519A}.Release|Any CPU.ActiveCfg = Release|Any CPU
		{7B78D986-184B-4833-9AC2-307B18C0519A}.Release|Any CPU.Build.0 = Release|Any CPU
		{DE640ED2-88B0-4A76-BB89-02BCC84B2BF6}.Debug|Any CPU.ActiveCfg = Debug|Any CPU
		{DE640ED2-88B0-4A76-BB89-02BCC84B2BF6}.Debug|Any CPU.Build.0 = Debug|Any CPU
		{DE640ED2-88B0-4A76-BB89-02BCC84B2BF6}.Release|Any CPU.ActiveCfg = Release|Any CPU
		{DE640ED2-88B0-4A76-BB89-02BCC84B2BF6}.Release|Any CPU.Build.0 = Release|Any CPU
		{43106E61-0FAE-4AEA-8F86-E3A7648E1D8C}.Debug|Any CPU.ActiveCfg = Debug|Any CPU
		{43106E61-0FAE-4AEA-8F86-E3A7648E1D8C}.Debug|Any CPU.Build.0 = Debug|Any CPU
		{43106E61-0FAE-4AEA-8F86-E3A7648E1D8C}.Release|Any CPU.ActiveCfg = Release|Any CPU
		{43106E61-0FAE-4AEA-8F86-E3A7648E1D8C}.Release|Any CPU.Build.0 = Release|Any CPU
	EndGlobalSection
	GlobalSection(SolutionProperties) = preSolution
		HideSolutionNode = FALSE
	EndGlobalSection
	GlobalSection(NestedProjects) = preSolution
		{5B40C021-619F-440C-ADCF-56A92CA62A48} = {6B869FDD-AA11-4080-A9CD-C8170B9FABB6}
		{0DCF61A0-5B7C-466E-9E0A-B3419A5C7166} = {6B869FDD-AA11-4080-A9CD-C8170B9FABB6}
		{09797FB4-8D54-4A2F-B8CD-271A71B5E614} = {6B869FDD-AA11-4080-A9CD-C8170B9FABB6}
		{78B1FBDE-F6B3-499D-987A-A1E03ECE9C94} = {D7A43A76-6734-4356-B8BD-5155BF5439EF}
		{CFDCDC8F-6B60-4F59-8E47-3EE70745CA5F} = {D7A43A76-6734-4356-B8BD-5155BF5439EF}
		{258E0E7B-6752-4903-8732-23BDD0FB5C8E} = {D7A43A76-6734-4356-B8BD-5155BF5439EF}
		{C65AF965-C51E-4BD4-8783-DBE6910BAB77} = {6D60FCD9-FACE-4CA7-B338-6BF6B6EF4F3F}
		{F2E8A365-6DDE-401E-95A0-6C4F55FBBF83} = {6D60FCD9-FACE-4CA7-B338-6BF6B6EF4F3F}
		{C9A21A7A-5313-4029-BB12-F7C18AF82D59} = {6D60FCD9-FACE-4CA7-B338-6BF6B6EF4F3F}
		{7AD9E01E-391E-4C9F-B7F7-EE2ECE34857F} = {3F0669A4-7B78-4201-8F4A-9F5F0733065A}
		{04B79F3D-AFBF-4AB3-AF3D-D648101F2C98} = {3F0669A4-7B78-4201-8F4A-9F5F0733065A}
		{106A61E8-B677-4D80-878D-827FC44E39EF} = {3F0669A4-7B78-4201-8F4A-9F5F0733065A}
		{4DA34600-576B-40D2-A31E-F2153149CCDA} = {C86F8BD4-F587-4076-A412-81E0D6606593}
		{C20C8B0F-FA63-4244-9BA5-550B7706A962} = {C86F8BD4-F587-4076-A412-81E0D6606593}
		{355CB087-DC13-4E1E-9A17-D86BA1CA4F28} = {C86F8BD4-F587-4076-A412-81E0D6606593}
		{EFE563A3-C378-4915-9869-6B042F0B59B7} = {B20CCC71-659A-4FF6-9213-1B361A301B71}
		{1976C95B-F06C-415C-9564-E96205681877} = {B20CCC71-659A-4FF6-9213-1B361A301B71}
		{8A7ED20F-B5D5-419D-8E2A-D47A41A67627} = {B20CCC71-659A-4FF6-9213-1B361A301B71}
		{7B78D986-184B-4833-9AC2-307B18C0519A} = {F09C955C-4BB4-4037-BA29-16FADCC938D0}
		{DE640ED2-88B0-4A76-BB89-02BCC84B2BF6} = {F09C955C-4BB4-4037-BA29-16FADCC938D0}
		{43106E61-0FAE-4AEA-8F86-E3A7648E1D8C} = {F09C955C-4BB4-4037-BA29-16FADCC938D0}
	EndGlobalSection
	GlobalSection(ExtensibilityGlobals) = postSolution
		SolutionGuid = {68A560F4-8BDB-481D-B55A-82646FFFA4A3}
	EndGlobalSection
EndGlobal
